
Microsoft Visual Studio Solution File, Format Version 12.00
# Visual Studio 14
VisualStudioVersion = 14.0.23107.0
MinimumVisualStudioVersion = 10.0.40219.1
Project("{FAE04EC0-301F-11D3-BF4B-00C04F79EFBC}") = "Voat.UI", "Voat.UI\Voat.UI.csproj", "{1D1F318C-EB40-4E3B-96EB-E9AB0D66DE30}"
EndProject
Project("{FAE04EC0-301F-11D3-BF4B-00C04F79EFBC}") = "Voat.Tests", "Voat.Tests\Voat.Tests.csproj", "{BC3A7FC5-15A4-489B-BBCA-559F8D2C9F1F}"
EndProject
Project("{FAE04EC0-301F-11D3-BF4B-00C04F79EFBC}") = "Voat.RulesEngine", "Voat.RulesEngine\Voat.RulesEngine.csproj", "{DD358253-041F-4FEB-9714-1164127780F8}"
EndProject
Project("{FAE04EC0-301F-11D3-BF4B-00C04F79EFBC}") = "Voat.Data", "Voat.Data\Voat.Data.csproj", "{1E367CDA-5508-47E1-9E95-ED100AEE42D0}"
EndProject
Project("{FAE04EC0-301F-11D3-BF4B-00C04F79EFBC}") = "Voat.Business", "Voat.Business\Voat.Business.csproj", "{A0DA6D93-B070-485F-8E46-2F3E30982898}"
EndProject
Global
	GlobalSection(SolutionConfigurationPlatforms) = preSolution
		Debug|Any CPU = Debug|Any CPU
		Release|Any CPU = Release|Any CPU
	EndGlobalSection
	GlobalSection(ProjectConfigurationPlatforms) = postSolution
		{1D1F318C-EB40-4E3B-96EB-E9AB0D66DE30}.Debug|Any CPU.ActiveCfg = Debug|Any CPU
		{1D1F318C-EB40-4E3B-96EB-E9AB0D66DE30}.Debug|Any CPU.Build.0 = Debug|Any CPU
		{1D1F318C-EB40-4E3B-96EB-E9AB0D66DE30}.Release|Any CPU.ActiveCfg = Release|Any CPU
		{1D1F318C-EB40-4E3B-96EB-E9AB0D66DE30}.Release|Any CPU.Build.0 = Release|Any CPU
		{BC3A7FC5-15A4-489B-BBCA-559F8D2C9F1F}.Debug|Any CPU.ActiveCfg = Debug|Any CPU
		{BC3A7FC5-15A4-489B-BBCA-559F8D2C9F1F}.Debug|Any CPU.Build.0 = Debug|Any CPU
		{BC3A7FC5-15A4-489B-BBCA-559F8D2C9F1F}.Release|Any CPU.ActiveCfg = Release|Any CPU
		{BC3A7FC5-15A4-489B-BBCA-559F8D2C9F1F}.Release|Any CPU.Build.0 = Release|Any CPU
		{DD358253-041F-4FEB-9714-1164127780F8}.Debug|Any CPU.ActiveCfg = Debug|Any CPU
		{DD358253-041F-4FEB-9714-1164127780F8}.Debug|Any CPU.Build.0 = Debug|Any CPU
		{DD358253-041F-4FEB-9714-1164127780F8}.Release|Any CPU.ActiveCfg = Release|Any CPU
		{DD358253-041F-4FEB-9714-1164127780F8}.Release|Any CPU.Build.0 = Release|Any CPU
		{1E367CDA-5508-47E1-9E95-ED100AEE42D0}.Debug|Any CPU.ActiveCfg = Debug|Any CPU
		{1E367CDA-5508-47E1-9E95-ED100AEE42D0}.Debug|Any CPU.Build.0 = Debug|Any CPU
		{1E367CDA-5508-47E1-9E95-ED100AEE42D0}.Release|Any CPU.ActiveCfg = Release|Any CPU
		{1E367CDA-5508-47E1-9E95-ED100AEE42D0}.Release|Any CPU.Build.0 = Release|Any CPU
		{A0DA6D93-B070-485F-8E46-2F3E30982898}.Debug|Any CPU.ActiveCfg = Debug|Any CPU
		{A0DA6D93-B070-485F-8E46-2F3E30982898}.Debug|Any CPU.Build.0 = Debug|Any CPU
		{A0DA6D93-B070-485F-8E46-2F3E30982898}.Release|Any CPU.ActiveCfg = Release|Any CPU
		{A0DA6D93-B070-485F-8E46-2F3E30982898}.Release|Any CPU.Build.0 = Release|Any CPU
	EndGlobalSection
	GlobalSection(SolutionProperties) = preSolution
		HideSolutionNode = FALSE
	EndGlobalSection
EndGlobal
